
Microsoft Visual Studio Solution File, Format Version 12.00
# Visual Studio Version 17
VisualStudioVersion = 17.9.34622.214
MinimumVisualStudioVersion = 10.0.40219.1
Project("{2150E333-8FDC-42A3-9474-1A3956D46DE8}") = "01 Web", "01 Web", "{994D90BC-53AA-497D-8BDE-E78849E60529}"
EndProject
Project("{2150E333-8FDC-42A3-9474-1A3956D46DE8}") = "02 Services", "02 Services", "{2CAAF321-8532-479E-B653-8DE67EBEE4B8}"
EndProject
Project("{2150E333-8FDC-42A3-9474-1A3956D46DE8}") = "03 Logic", "03 Logic", "{76A4489C-EDED-4FE5-BA55-E3E26695F58E}"
EndProject
Project("{2150E333-8FDC-42A3-9474-1A3956D46DE8}") = "04 Data", "04 Data", "{43EDB5DC-E886-4734-8587-92A1420B45EC}"
EndProject
Project("{2150E333-8FDC-42A3-9474-1A3956D46DE8}") = "05 Shared", "05 Shared", "{C2DEDBC9-148D-427F-864F-A86270FC7FE2}"
EndProject
Project("{9A19103F-16F7-4668-BE54-9A1E7A4F7556}") = "Data.AppContext", "Data.AppContext\Data.AppContext.csproj", "{1354CAD0-762C-4C3D-AC07-D3B22C9085B0}"
EndProject
Project("{9A19103F-16F7-4668-BE54-9A1E7A4F7556}") = "Data.Models", "Data.Models\Data.Models.csproj", "{7950E77F-AD4E-4AA7-B67C-3552FA8804BC}"
EndProject
Project("{9A19103F-16F7-4668-BE54-9A1E7A4F7556}") = "Logic.Shared", "Logic.Shared\Logic.Shared.csproj", "{F7C09065-20E6-4C7C-857C-9C9ADE012BF3}"
EndProject
Project("{2150E333-8FDC-42A3-9474-1A3956D46DE8}") = "Solution Items", "Solution Items", "{13AC277E-AEE7-4AC2-90BF-B65910426ABC}"
	ProjectSection(SolutionItems) = preProject
		.editorconfig = .editorconfig
	EndProjectSection
EndProject
Project("{9A19103F-16F7-4668-BE54-9A1E7A4F7556}") = "Logic.CookBook", "Logic.CookBook\Logic.CookBook.csproj", "{15DFF737-2FC2-48E2-9318-68A074C533BD}"
EndProject
Project("{9A19103F-16F7-4668-BE54-9A1E7A4F7556}") = "Web.Shared", "Web.Shared\Web.Shared.csproj", "{162E758F-6DF6-49E5-92CB-2137FE58448D}"
EndProject
Project("{9A19103F-16F7-4668-BE54-9A1E7A4F7556}") = "Service.CookBook", "Service.CookBook\Service.CookBook.csproj", "{EA6B1DE8-4D0B-498C-ADA5-1B781D0E88EE}"
EndProject
Project("{9A19103F-16F7-4668-BE54-9A1E7A4F7556}") = "Service.Shared", "Service.Shared\Service.Shared.csproj", "{8A1DE34B-2D7F-4361-8383-71F1A13841DF}"
EndProject
Project("{9A19103F-16F7-4668-BE54-9A1E7A4F7556}") = "Web.Core", "Web.Core\Web.Core.csproj", "{9B488655-3E88-4D1B-9314-EC9E806C7F3A}"
EndProject
Project("{9A19103F-16F7-4668-BE54-9A1E7A4F7556}") = "Web.Components", "Web.Components\Web.Components.csproj", "{3172C10D-7E33-4531-A0BF-E987346FA89F}"
EndProject
Project("{9A19103F-16F7-4668-BE54-9A1E7A4F7556}") = "Shared.Resources", "Shared.Resources\Shared.Resources.csproj", "{21706441-0729-47E3-AD3D-BC2F6DAE6F8C}"
EndProject
Project("{FAE04EC0-301F-11D3-BF4B-00C04F79EFBC}") = "Web.BlazorCore", "Web.BlazorCore\Web.BlazorCore\Web.BlazorCore.csproj", "{AB2685D8-B91C-418A-96C2-0B575D3F2CF8}"
EndProject
Project("{FAE04EC0-301F-11D3-BF4B-00C04F79EFBC}") = "Web.BlazorCore.Client", "Web.BlazorCore\Web.BlazorCore.Client\Web.BlazorCore.Client.csproj", "{B2CE59C2-5788-4328-B10F-436071FB5DA6}"
EndProject
Global
	GlobalSection(SolutionConfigurationPlatforms) = preSolution
		Debug|Any CPU = Debug|Any CPU
		Release|Any CPU = Release|Any CPU
	EndGlobalSection
	GlobalSection(ProjectConfigurationPlatforms) = postSolution
		{1354CAD0-762C-4C3D-AC07-D3B22C9085B0}.Debug|Any CPU.ActiveCfg = Debug|Any CPU
		{1354CAD0-762C-4C3D-AC07-D3B22C9085B0}.Debug|Any CPU.Build.0 = Debug|Any CPU
		{1354CAD0-762C-4C3D-AC07-D3B22C9085B0}.Release|Any CPU.ActiveCfg = Release|Any CPU
		{1354CAD0-762C-4C3D-AC07-D3B22C9085B0}.Release|Any CPU.Build.0 = Release|Any CPU
		{7950E77F-AD4E-4AA7-B67C-3552FA8804BC}.Debug|Any CPU.ActiveCfg = Debug|Any CPU
		{7950E77F-AD4E-4AA7-B67C-3552FA8804BC}.Debug|Any CPU.Build.0 = Debug|Any CPU
		{7950E77F-AD4E-4AA7-B67C-3552FA8804BC}.Release|Any CPU.ActiveCfg = Release|Any CPU
		{7950E77F-AD4E-4AA7-B67C-3552FA8804BC}.Release|Any CPU.Build.0 = Release|Any CPU
		{F7C09065-20E6-4C7C-857C-9C9ADE012BF3}.Debug|Any CPU.ActiveCfg = Debug|Any CPU
		{F7C09065-20E6-4C7C-857C-9C9ADE012BF3}.Debug|Any CPU.Build.0 = Debug|Any CPU
		{F7C09065-20E6-4C7C-857C-9C9ADE012BF3}.Release|Any CPU.ActiveCfg = Release|Any CPU
		{F7C09065-20E6-4C7C-857C-9C9ADE012BF3}.Release|Any CPU.Build.0 = Release|Any CPU
		{15DFF737-2FC2-48E2-9318-68A074C533BD}.Debug|Any CPU.ActiveCfg = Debug|Any CPU
		{15DFF737-2FC2-48E2-9318-68A074C533BD}.Debug|Any CPU.Build.0 = Debug|Any CPU
		{15DFF737-2FC2-48E2-9318-68A074C533BD}.Release|Any CPU.ActiveCfg = Release|Any CPU
		{15DFF737-2FC2-48E2-9318-68A074C533BD}.Release|Any CPU.Build.0 = Release|Any CPU
		{162E758F-6DF6-49E5-92CB-2137FE58448D}.Debug|Any CPU.ActiveCfg = Debug|Any CPU
		{162E758F-6DF6-49E5-92CB-2137FE58448D}.Debug|Any CPU.Build.0 = Debug|Any CPU
		{162E758F-6DF6-49E5-92CB-2137FE58448D}.Release|Any CPU.ActiveCfg = Release|Any CPU
		{162E758F-6DF6-49E5-92CB-2137FE58448D}.Release|Any CPU.Build.0 = Release|Any CPU
		{EA6B1DE8-4D0B-498C-ADA5-1B781D0E88EE}.Debug|Any CPU.ActiveCfg = Debug|Any CPU
		{EA6B1DE8-4D0B-498C-ADA5-1B781D0E88EE}.Debug|Any CPU.Build.0 = Debug|Any CPU
		{EA6B1DE8-4D0B-498C-ADA5-1B781D0E88EE}.Release|Any CPU.ActiveCfg = Release|Any CPU
		{EA6B1DE8-4D0B-498C-ADA5-1B781D0E88EE}.Release|Any CPU.Build.0 = Release|Any CPU
		{8A1DE34B-2D7F-4361-8383-71F1A13841DF}.Debug|Any CPU.ActiveCfg = Debug|Any CPU
		{8A1DE34B-2D7F-4361-8383-71F1A13841DF}.Debug|Any CPU.Build.0 = Debug|Any CPU
		{8A1DE34B-2D7F-4361-8383-71F1A13841DF}.Release|Any CPU.ActiveCfg = Release|Any CPU
		{8A1DE34B-2D7F-4361-8383-71F1A13841DF}.Release|Any CPU.Build.0 = Release|Any CPU
		{9B488655-3E88-4D1B-9314-EC9E806C7F3A}.Debug|Any CPU.ActiveCfg = Debug|Any CPU
		{9B488655-3E88-4D1B-9314-EC9E806C7F3A}.Debug|Any CPU.Build.0 = Debug|Any CPU
		{9B488655-3E88-4D1B-9314-EC9E806C7F3A}.Release|Any CPU.ActiveCfg = Release|Any CPU
		{9B488655-3E88-4D1B-9314-EC9E806C7F3A}.Release|Any CPU.Build.0 = Release|Any CPU
		{3172C10D-7E33-4531-A0BF-E987346FA89F}.Debug|Any CPU.ActiveCfg = Debug|Any CPU
		{3172C10D-7E33-4531-A0BF-E987346FA89F}.Debug|Any CPU.Build.0 = Debug|Any CPU
		{3172C10D-7E33-4531-A0BF-E987346FA89F}.Release|Any CPU.ActiveCfg = Release|Any CPU
		{3172C10D-7E33-4531-A0BF-E987346FA89F}.Release|Any CPU.Build.0 = Release|Any CPU
		{21706441-0729-47E3-AD3D-BC2F6DAE6F8C}.Debug|Any CPU.ActiveCfg = Debug|Any CPU
		{21706441-0729-47E3-AD3D-BC2F6DAE6F8C}.Debug|Any CPU.Build.0 = Debug|Any CPU
		{21706441-0729-47E3-AD3D-BC2F6DAE6F8C}.Release|Any CPU.ActiveCfg = Release|Any CPU
		{21706441-0729-47E3-AD3D-BC2F6DAE6F8C}.Release|Any CPU.Build.0 = Release|Any CPU
		{AB2685D8-B91C-418A-96C2-0B575D3F2CF8}.Debug|Any CPU.ActiveCfg = Debug|Any CPU
		{AB2685D8-B91C-418A-96C2-0B575D3F2CF8}.Debug|Any CPU.Build.0 = Debug|Any CPU
		{AB2685D8-B91C-418A-96C2-0B575D3F2CF8}.Release|Any CPU.ActiveCfg = Release|Any CPU
		{AB2685D8-B91C-418A-96C2-0B575D3F2CF8}.Release|Any CPU.Build.0 = Release|Any CPU
		{B2CE59C2-5788-4328-B10F-436071FB5DA6}.Debug|Any CPU.ActiveCfg = Debug|Any CPU
		{B2CE59C2-5788-4328-B10F-436071FB5DA6}.Debug|Any CPU.Build.0 = Debug|Any CPU
		{B2CE59C2-5788-4328-B10F-436071FB5DA6}.Release|Any CPU.ActiveCfg = Release|Any CPU
		{B2CE59C2-5788-4328-B10F-436071FB5DA6}.Release|Any CPU.Build.0 = Release|Any CPU
	EndGlobalSection
	GlobalSection(SolutionProperties) = preSolution
		HideSolutionNode = FALSE
	EndGlobalSection
	GlobalSection(NestedProjects) = preSolution
		{1354CAD0-762C-4C3D-AC07-D3B22C9085B0} = {43EDB5DC-E886-4734-8587-92A1420B45EC}
		{7950E77F-AD4E-4AA7-B67C-3552FA8804BC} = {43EDB5DC-E886-4734-8587-92A1420B45EC}
		{F7C09065-20E6-4C7C-857C-9C9ADE012BF3} = {76A4489C-EDED-4FE5-BA55-E3E26695F58E}
		{15DFF737-2FC2-48E2-9318-68A074C533BD} = {76A4489C-EDED-4FE5-BA55-E3E26695F58E}
		{162E758F-6DF6-49E5-92CB-2137FE58448D} = {994D90BC-53AA-497D-8BDE-E78849E60529}
		{EA6B1DE8-4D0B-498C-ADA5-1B781D0E88EE} = {2CAAF321-8532-479E-B653-8DE67EBEE4B8}
		{8A1DE34B-2D7F-4361-8383-71F1A13841DF} = {2CAAF321-8532-479E-B653-8DE67EBEE4B8}
		{9B488655-3E88-4D1B-9314-EC9E806C7F3A} = {994D90BC-53AA-497D-8BDE-E78849E60529}
		{3172C10D-7E33-4531-A0BF-E987346FA89F} = {994D90BC-53AA-497D-8BDE-E78849E60529}
		{21706441-0729-47E3-AD3D-BC2F6DAE6F8C} = {C2DEDBC9-148D-427F-864F-A86270FC7FE2}
		{AB2685D8-B91C-418A-96C2-0B575D3F2CF8} = {994D90BC-53AA-497D-8BDE-E78849E60529}
		{B2CE59C2-5788-4328-B10F-436071FB5DA6} = {994D90BC-53AA-497D-8BDE-E78849E60529}
	EndGlobalSection
	GlobalSection(ExtensibilityGlobals) = postSolution
		SolutionGuid = {B2F59E6C-AC22-455C-AD64-1283E63C131E}
	EndGlobalSection
EndGlobal
